
Microsoft Visual Studio Solution File, Format Version 12.00
Project("{FAE04EC0-301F-11D3-BF4B-00C04F79EFBC}") = "OrderingSystemTesting", "OrderingSystemTesting\OrderingSystemTesting.csproj", "{5837FCDF-69FD-4EAF-9EE3-F9B3F8E2D22B}"
EndProject
Project("{FAE04EC0-301F-11D3-BF4B-00C04F79EFBC}") = "OrderingSystem.Domain", "OrderingSystem.Domain\OrderingSystem.Domain.csproj", "{FAB316AF-4339-4B9F-81C8-D33EF19E195F}"
EndProject
Global
	GlobalSection(SolutionConfigurationPlatforms) = preSolution
		Debug|Any CPU = Debug|Any CPU
		Release|Any CPU = Release|Any CPU
	EndGlobalSection
	GlobalSection(ProjectConfigurationPlatforms) = postSolution
		{5837FCDF-69FD-4EAF-9EE3-F9B3F8E2D22B}.Debug|Any CPU.ActiveCfg = Debug|Any CPU
		{5837FCDF-69FD-4EAF-9EE3-F9B3F8E2D22B}.Debug|Any CPU.Build.0 = Debug|Any CPU
		{5837FCDF-69FD-4EAF-9EE3-F9B3F8E2D22B}.Release|Any CPU.ActiveCfg = Release|Any CPU
		{5837FCDF-69FD-4EAF-9EE3-F9B3F8E2D22B}.Release|Any CPU.Build.0 = Release|Any CPU
		{FAB316AF-4339-4B9F-81C8-D33EF19E195F}.Debug|Any CPU.ActiveCfg = Debug|Any CPU
		{FAB316AF-4339-4B9F-81C8-D33EF19E195F}.Debug|Any CPU.Build.0 = Debug|Any CPU
		{FAB316AF-4339-4B9F-81C8-D33EF19E195F}.Release|Any CPU.ActiveCfg = Release|Any CPU
		{FAB316AF-4339-4B9F-81C8-D33EF19E195F}.Release|Any CPU.Build.0 = Release|Any CPU
	EndGlobalSection
EndGlobal
